
Microsoft Visual Studio Solution File, Format Version 12.00
# Visual Studio Version 17
VisualStudioVersion = 17.9.34714.143
MinimumVisualStudioVersion = 10.0.40219.1
Project("{FAE04EC0-301F-11D3-BF4B-00C04F79EFBC}") = "Theory Quiz", "Theory Quiz\Theory Quiz.csproj", "{77783D6D-C6AC-4C15-8C26-19F863D1B3F3}"
EndProject
Global
	GlobalSection(SolutionConfigurationPlatforms) = preSolution
		Debug|Any CPU = Debug|Any CPU
		Release|Any CPU = Release|Any CPU
	EndGlobalSection
	GlobalSection(ProjectConfigurationPlatforms) = postSolution
		{77783D6D-C6AC-4C15-8C26-19F863D1B3F3}.Debug|Any CPU.ActiveCfg = Debug|Any CPU
		{77783D6D-C6AC-4C15-8C26-19F863D1B3F3}.Debug|Any CPU.Build.0 = Debug|Any CPU
		{77783D6D-C6AC-4C15-8C26-19F863D1B3F3}.Release|Any CPU.ActiveCfg = Release|Any CPU
		{77783D6D-C6AC-4C15-8C26-19F863D1B3F3}.Release|Any CPU.Build.0 = Release|Any CPU
	EndGlobalSection
	GlobalSection(SolutionProperties) = preSolution
		HideSolutionNode = FALSE
	EndGlobalSection
	GlobalSection(ExtensibilityGlobals) = postSolution
		SolutionGuid = {1672B720-63F3-4458-B790-64084BF431D2}
	EndGlobalSection
EndGlobal
