
Microsoft Visual Studio Solution File, Format Version 12.00
# Visual Studio Version 17
VisualStudioVersion = 17.9.34714.143
MinimumVisualStudioVersion = 10.0.40219.1
Project("{FAE04EC0-301F-11D3-BF4B-00C04F79EFBC}") = "OCP Violation", "OCP Violation\OCP Violation.csproj", "{C5CCC854-9E94-4E2A-8C77-A9F27ED4D8AD}"
EndProject
Global
	GlobalSection(SolutionConfigurationPlatforms) = preSolution
		Debug|Any CPU = Debug|Any CPU
		Release|Any CPU = Release|Any CPU
	EndGlobalSection
	GlobalSection(ProjectConfigurationPlatforms) = postSolution
		{C5CCC854-9E94-4E2A-8C77-A9F27ED4D8AD}.Debug|Any CPU.ActiveCfg = Debug|Any CPU
		{C5CCC854-9E94-4E2A-8C77-A9F27ED4D8AD}.Debug|Any CPU.Build.0 = Debug|Any CPU
		{C5CCC854-9E94-4E2A-8C77-A9F27ED4D8AD}.Release|Any CPU.ActiveCfg = Release|Any CPU
		{C5CCC854-9E94-4E2A-8C77-A9F27ED4D8AD}.Release|Any CPU.Build.0 = Release|Any CPU
	EndGlobalSection
	GlobalSection(SolutionProperties) = preSolution
		HideSolutionNode = FALSE
	EndGlobalSection
	GlobalSection(ExtensibilityGlobals) = postSolution
		SolutionGuid = {DBED2857-081A-473D-B254-BAF3ED8487F5}
	EndGlobalSection
EndGlobal
