
Microsoft Visual Studio Solution File, Format Version 12.00
# Visual Studio Version 17
VisualStudioVersion = 17.9.34714.143
MinimumVisualStudioVersion = 10.0.40219.1
Project("{FAE04EC0-301F-11D3-BF4B-00C04F79EFBC}") = "OCP Violation", "OCP Violation\OCP Violation.csproj", "{6C02C912-0F72-4096-875E-F458F575E363}"
EndProject
Global
	GlobalSection(SolutionConfigurationPlatforms) = preSolution
		Debug|Any CPU = Debug|Any CPU
		Release|Any CPU = Release|Any CPU
	EndGlobalSection
	GlobalSection(ProjectConfigurationPlatforms) = postSolution
		{6C02C912-0F72-4096-875E-F458F575E363}.Debug|Any CPU.ActiveCfg = Debug|Any CPU
		{6C02C912-0F72-4096-875E-F458F575E363}.Debug|Any CPU.Build.0 = Debug|Any CPU
		{6C02C912-0F72-4096-875E-F458F575E363}.Release|Any CPU.ActiveCfg = Release|Any CPU
		{6C02C912-0F72-4096-875E-F458F575E363}.Release|Any CPU.Build.0 = Release|Any CPU
	EndGlobalSection
	GlobalSection(SolutionProperties) = preSolution
		HideSolutionNode = FALSE
	EndGlobalSection
	GlobalSection(ExtensibilityGlobals) = postSolution
		SolutionGuid = {3840A254-FD86-41D7-AEA7-A1B78AC84094}
	EndGlobalSection
EndGlobal
