
Microsoft Visual Studio Solution File, Format Version 12.00
# Visual Studio Version 17
VisualStudioVersion = 17.9.34714.143
MinimumVisualStudioVersion = 10.0.40219.1
Project("{FAE04EC0-301F-11D3-BF4B-00C04F79EFBC}") = "Adhering OCP", "Adhering OCP\Adhering OCP.csproj", "{A7890D00-8831-408B-A156-E0B2BF059E23}"
EndProject
Global
	GlobalSection(SolutionConfigurationPlatforms) = preSolution
		Debug|Any CPU = Debug|Any CPU
		Release|Any CPU = Release|Any CPU
	EndGlobalSection
	GlobalSection(ProjectConfigurationPlatforms) = postSolution
		{A7890D00-8831-408B-A156-E0B2BF059E23}.Debug|Any CPU.ActiveCfg = Debug|Any CPU
		{A7890D00-8831-408B-A156-E0B2BF059E23}.Debug|Any CPU.Build.0 = Debug|Any CPU
		{A7890D00-8831-408B-A156-E0B2BF059E23}.Release|Any CPU.ActiveCfg = Release|Any CPU
		{A7890D00-8831-408B-A156-E0B2BF059E23}.Release|Any CPU.Build.0 = Release|Any CPU
	EndGlobalSection
	GlobalSection(SolutionProperties) = preSolution
		HideSolutionNode = FALSE
	EndGlobalSection
	GlobalSection(ExtensibilityGlobals) = postSolution
		SolutionGuid = {5283AEE1-D166-48F0-973A-2DCE733C6E65}
	EndGlobalSection
EndGlobal
