
Microsoft Visual Studio Solution File, Format Version 12.00
# Visual Studio Version 17
VisualStudioVersion = 17.9.34714.143
MinimumVisualStudioVersion = 10.0.40219.1
Project("{FAE04EC0-301F-11D3-BF4B-00C04F79EFBC}") = "OCP Violation", "OCP Violation\OCP Violation.csproj", "{336E554B-6844-4ECE-B60F-06893CA623BE}"
EndProject
Global
	GlobalSection(SolutionConfigurationPlatforms) = preSolution
		Debug|Any CPU = Debug|Any CPU
		Release|Any CPU = Release|Any CPU
	EndGlobalSection
	GlobalSection(ProjectConfigurationPlatforms) = postSolution
		{336E554B-6844-4ECE-B60F-06893CA623BE}.Debug|Any CPU.ActiveCfg = Debug|Any CPU
		{336E554B-6844-4ECE-B60F-06893CA623BE}.Debug|Any CPU.Build.0 = Debug|Any CPU
		{336E554B-6844-4ECE-B60F-06893CA623BE}.Release|Any CPU.ActiveCfg = Release|Any CPU
		{336E554B-6844-4ECE-B60F-06893CA623BE}.Release|Any CPU.Build.0 = Release|Any CPU
	EndGlobalSection
	GlobalSection(SolutionProperties) = preSolution
		HideSolutionNode = FALSE
	EndGlobalSection
	GlobalSection(ExtensibilityGlobals) = postSolution
		SolutionGuid = {FF1690E5-7081-4538-BA32-0A93771E773A}
	EndGlobalSection
EndGlobal
